
Microsoft Visual Studio Solution File, Format Version 12.00
# Visual Studio Version 16
VisualStudioVersion = 16.0.30503.244
MinimumVisualStudioVersion = 10.0.40219.1
Project("{FAE04EC0-301F-11D3-BF4B-00C04F79EFBC}") = "clikerGame", "clikerGame\clikerGame.csproj", "{A3732C54-A7F5-4344-BD17-989BAB7E9EF6}"
EndProject
Global
	GlobalSection(SolutionConfigurationPlatforms) = preSolution
		Debug|Any CPU = Debug|Any CPU
		Release|Any CPU = Release|Any CPU
	EndGlobalSection
	GlobalSection(ProjectConfigurationPlatforms) = postSolution
		{A3732C54-A7F5-4344-BD17-989BAB7E9EF6}.Debug|Any CPU.ActiveCfg = Debug|Any CPU
		{A3732C54-A7F5-4344-BD17-989BAB7E9EF6}.Debug|Any CPU.Build.0 = Debug|Any CPU
		{A3732C54-A7F5-4344-BD17-989BAB7E9EF6}.Release|Any CPU.ActiveCfg = Release|Any CPU
		{A3732C54-A7F5-4344-BD17-989BAB7E9EF6}.Release|Any CPU.Build.0 = Release|Any CPU
	EndGlobalSection
	GlobalSection(SolutionProperties) = preSolution
		HideSolutionNode = FALSE
	EndGlobalSection
	GlobalSection(ExtensibilityGlobals) = postSolution
		SolutionGuid = {8EC881C5-4088-4269-AFD1-BF3A23057B7A}
	EndGlobalSection
EndGlobal
